
Microsoft Visual Studio Solution File, Format Version 12.00
Project("{FAE04EC0-301F-11D3-BF4B-00C04F79EFBC}") = "App", "App\App.csproj", "{35BF919F-AB18-454C-B0CF-AA29F1040EAE}"
EndProject
Global
	GlobalSection(SolutionConfigurationPlatforms) = preSolution
		Debug|Any CPU = Debug|Any CPU
		Release|Any CPU = Release|Any CPU
	EndGlobalSection
	GlobalSection(ProjectConfigurationPlatforms) = postSolution
		{35BF919F-AB18-454C-B0CF-AA29F1040EAE}.Debug|Any CPU.ActiveCfg = Debug|Any CPU
		{35BF919F-AB18-454C-B0CF-AA29F1040EAE}.Debug|Any CPU.Build.0 = Debug|Any CPU
		{35BF919F-AB18-454C-B0CF-AA29F1040EAE}.Release|Any CPU.ActiveCfg = Release|Any CPU
		{35BF919F-AB18-454C-B0CF-AA29F1040EAE}.Release|Any CPU.Build.0 = Release|Any CPU
	EndGlobalSection
EndGlobal
